
Microsoft Visual Studio Solution File, Format Version 12.00
# Visual Studio Version 17
VisualStudioVersion = 17.8.34330.188
MinimumVisualStudioVersion = 10.0.40219.1
Project("{888888A0-9F3D-457C-B088-3A5042F75D52}") = "matemaatika", "matemaatika.pyproj", "{6A0537A4-C766-413F-8E95-57D8DD2CE52C}"
EndProject
Global
	GlobalSection(SolutionConfigurationPlatforms) = preSolution
		Debug|Any CPU = Debug|Any CPU
		Release|Any CPU = Release|Any CPU
	EndGlobalSection
	GlobalSection(ProjectConfigurationPlatforms) = postSolution
		{6A0537A4-C766-413F-8E95-57D8DD2CE52C}.Debug|Any CPU.ActiveCfg = Debug|Any CPU
		{6A0537A4-C766-413F-8E95-57D8DD2CE52C}.Release|Any CPU.ActiveCfg = Release|Any CPU
	EndGlobalSection
	GlobalSection(SolutionProperties) = preSolution
		HideSolutionNode = FALSE
	EndGlobalSection
	GlobalSection(ExtensibilityGlobals) = postSolution
		SolutionGuid = {53345DEA-5C11-461F-8B5A-AB3C06DA1FCC}
	EndGlobalSection
EndGlobal
